// !$*UTF8*$!
{
	archiveVersion = 1;
	classes = {
	};
	objectVersion = 46;
	objects = {

/* Begin PBXBuildFile section */
		840440331971FAA700CC390E /* SetupNavigationController.m in Sources */ = {isa = PBXBuildFile; fileRef = 840440321971FAA700CC390E /* SetupNavigationController.m */; };
		840440391971FF2100CC390E /* TableViewCellData.m in Sources */ = {isa = PBXBuildFile; fileRef = 840440381971FF2100CC390E /* TableViewCellData.m */; };
		8404403C1972781C00CC390E /* DefaultGoals.m in Sources */ = {isa = PBXBuildFile; fileRef = 8404403B1972781C00CC390E /* DefaultGoals.m */; };
		840D586D18820C5200DE24B7 /* AnimationManager.m in Sources */ = {isa = PBXBuildFile; fileRef = 840D586C18820C5200DE24B7 /* AnimationManager.m */; };
		840D5871188216B200DE24B7 /* AnimationObject.m in Sources */ = {isa = PBXBuildFile; fileRef = 840D5870188216B200DE24B7 /* AnimationObject.m */; };
		840D5874188240A700DE24B7 /* GoalTitle.m in Sources */ = {isa = PBXBuildFile; fileRef = 840D5873188240A700DE24B7 /* GoalTitle.m */; };
		840D587618834B0300DE24B7 /* Stats.png in Resources */ = {isa = PBXBuildFile; fileRef = 840D587518834B0300DE24B7 /* Stats.png */; };
		841DADFF18B0A7D700626302 /* EditTextBubbleContainer.m in Sources */ = {isa = PBXBuildFile; fileRef = 841DADFE18B0A7D700626302 /* EditTextBubbleContainer.m */; };
		841DAE0718B3123700626302 /* AddViewController.m in Sources */ = {isa = PBXBuildFile; fileRef = 841DAE0618B3123700626302 /* AddViewController.m */; };
		841DAE0A18B312AC00626302 /* EditTextViewController.m in Sources */ = {isa = PBXBuildFile; fileRef = 841DAE0918B312AC00626302 /* EditTextViewController.m */; };
		84265A6C1904A32000141564 /* QuartzCore.framework in Frameworks */ = {isa = PBXBuildFile; fileRef = 84265A6B1904A32000141564 /* QuartzCore.framework */; };
		8437DAF51A4245F700E261E2 /* EditAssessmentViewController.m in Sources */ = {isa = PBXBuildFile; fileRef = 8437DAF41A4245F700E261E2 /* EditAssessmentViewController.m */; };
		8445E4081A402344002BDA5E /* ToJSONTemplate.m in Sources */ = {isa = PBXBuildFile; fileRef = 8445E4071A402344002BDA5E /* ToJSONTemplate.m */; };
		844CA93718AAB15A00D55F11 /* GradesViewController.m in Sources */ = {isa = PBXBuildFile; fileRef = 844CA93618AAB15A00D55F11 /* GradesViewController.m */; };
		8459996D18AC00DE005F3FB1 /* SimpleSelectionViewController.m in Sources */ = {isa = PBXBuildFile; fileRef = 8459996C18AC00DE005F3FB1 /* SimpleSelectionViewController.m */; };
		8459E887196FD0B8000D1C85 /* SetupStoryboard~iphone.storyboard in Resources */ = {isa = PBXBuildFile; fileRef = 8459E886196FD0B8000D1C85 /* SetupStoryboard~iphone.storyboard */; };
		8459E88C196FD20E000D1C85 /* SetupStoryboard~ipad.storyboard in Resources */ = {isa = PBXBuildFile; fileRef = 8459E88B196FD20E000D1C85 /* SetupStoryboard~ipad.storyboard */; };
		8459E88F196FDB42000D1C85 /* SetupRootController.m in Sources */ = {isa = PBXBuildFile; fileRef = 8459E88E196FDB42000D1C85 /* SetupRootController.m */; };
		845C40DE19481350001B1499 /* YearCollection.m in Sources */ = {isa = PBXBuildFile; fileRef = 845C40DD19481350001B1499 /* YearCollection.m */; };
		845C40E119481973001B1499 /* GradePriority.m in Sources */ = {isa = PBXBuildFile; fileRef = 845C40E019481973001B1499 /* GradePriority.m */; };
		8470DD2B1A466FC300266654 /* Launch Screen.xib in Resources */ = {isa = PBXBuildFile; fileRef = 8470DD2A1A466FC300266654 /* Launch Screen.xib */; };
		8482D7F31A4534C200F1CD6D /* GoalMain.m in Sources */ = {isa = PBXBuildFile; fileRef = 8482D7F21A4534C200F1CD6D /* GoalMain.m */; };
		8482D7F61A4534FE00F1CD6D /* Goal.m in Sources */ = {isa = PBXBuildFile; fileRef = 8482D7F51A4534FE00F1CD6D /* Goal.m */; };
		8482D7FC1A4543DC00F1CD6D /* GoalGradeReqAndLevel.m in Sources */ = {isa = PBXBuildFile; fileRef = 8482D7FB1A4543DC00F1CD6D /* GoalGradeReqAndLevel.m */; };
		8482D7FF1A46501B00F1CD6D /* SubjectsViewController.m in Sources */ = {isa = PBXBuildFile; fileRef = 8482D7FE1A46501B00F1CD6D /* SubjectsViewController.m */; };
		8482D8051A46568300F1CD6D /* Launch-Circle.png in Resources */ = {isa = PBXBuildFile; fileRef = 8482D8041A46568300F1CD6D /* Launch-Circle.png */; };
		849D3D231880F2810030D432 /* AnchorView.m in Sources */ = {isa = PBXBuildFile; fileRef = 849D3D221880F2810030D432 /* AnchorView.m */; };
		84A435C91966B7280091905B /* Year.m in Sources */ = {isa = PBXBuildFile; fileRef = 84A435C81966B7280091905B /* Year.m */; };
		84A435CC1966B9D70091905B /* Assessment.m in Sources */ = {isa = PBXBuildFile; fileRef = 84A435CB1966B9D70091905B /* Assessment.m */; };
		84A435CF1966B9E70091905B /* AssessmentCollection.m in Sources */ = {isa = PBXBuildFile; fileRef = 84A435CE1966B9E70091905B /* AssessmentCollection.m */; };
		84A435D21966BDFA0091905B /* Grade.m in Sources */ = {isa = PBXBuildFile; fileRef = 84A435D11966BDFA0091905B /* Grade.m */; };
		84A435D61966C5660091905B /* SubjectsAndColours.m in Sources */ = {isa = PBXBuildFile; fileRef = 84A435D51966C5660091905B /* SubjectsAndColours.m */; };
		84B5A27A1880D8AD00969952 /* Foundation.framework in Frameworks */ = {isa = PBXBuildFile; fileRef = 84B5A2791880D8AD00969952 /* Foundation.framework */; };
		84B5A27C1880D8AD00969952 /* CoreGraphics.framework in Frameworks */ = {isa = PBXBuildFile; fileRef = 84B5A27B1880D8AD00969952 /* CoreGraphics.framework */; };
		84B5A27E1880D8AD00969952 /* UIKit.framework in Frameworks */ = {isa = PBXBuildFile; fileRef = 84B5A27D1880D8AD00969952 /* UIKit.framework */; };
		84B5A2841880D8AD00969952 /* InfoPlist.strings in Resources */ = {isa = PBXBuildFile; fileRef = 84B5A2821880D8AD00969952 /* InfoPlist.strings */; };
		84B5A2861880D8AD00969952 /* main.m in Sources */ = {isa = PBXBuildFile; fileRef = 84B5A2851880D8AD00969952 /* main.m */; };
		84B5A28A1880D8AD00969952 /* AppDelegate.m in Sources */ = {isa = PBXBuildFile; fileRef = 84B5A2891880D8AD00969952 /* AppDelegate.m */; };
		84B5A28C1880D8AD00969952 /* Images.xcassets in Resources */ = {isa = PBXBuildFile; fileRef = 84B5A28B1880D8AD00969952 /* Images.xcassets */; };
		84B5A2931880D8AD00969952 /* XCTest.framework in Frameworks */ = {isa = PBXBuildFile; fileRef = 84B5A2921880D8AD00969952 /* XCTest.framework */; };
		84B5A2941880D8AD00969952 /* Foundation.framework in Frameworks */ = {isa = PBXBuildFile; fileRef = 84B5A2791880D8AD00969952 /* Foundation.framework */; };
		84B5A2951880D8AD00969952 /* UIKit.framework in Frameworks */ = {isa = PBXBuildFile; fileRef = 84B5A27D1880D8AD00969952 /* UIKit.framework */; };
		84B5A29D1880D8AD00969952 /* InfoPlist.strings in Resources */ = {isa = PBXBuildFile; fileRef = 84B5A29B1880D8AD00969952 /* InfoPlist.strings */; };
		84B5A29F1880D8AD00969952 /* NCEACreditsTests.m in Sources */ = {isa = PBXBuildFile; fileRef = 84B5A29E1880D8AD00969952 /* NCEACreditsTests.m */; };
		84B5A2AC1880D8F100969952 /* Add.png in Resources */ = {isa = PBXBuildFile; fileRef = 84B5A2A81880D8F100969952 /* Add.png */; };
		84B5A2AD1880D8F100969952 /* Options.png in Resources */ = {isa = PBXBuildFile; fileRef = 84B5A2A91880D8F100969952 /* Options.png */; };
		84B5A2AF1880D8F100969952 /* Subjects.png in Resources */ = {isa = PBXBuildFile; fileRef = 84B5A2AB1880D8F100969952 /* Subjects.png */; };
		84B5A2B91880D91000969952 /* Styles.m in Sources */ = {isa = PBXBuildFile; fileRef = 84B5A2B21880D91000969952 /* Styles.m */; };
		84B5A2BA1880D91000969952 /* Styles+Fonts.m in Sources */ = {isa = PBXBuildFile; fileRef = 84B5A2B31880D91000969952 /* Styles+Fonts.m */; };
		84B5A2BB1880D91000969952 /* Styles+Colours.m in Sources */ = {isa = PBXBuildFile; fileRef = 84B5A2B41880D91000969952 /* Styles+Colours.m */; };
		84B5A2BC1880D91000969952 /* Styles+Layout.m in Sources */ = {isa = PBXBuildFile; fileRef = 84B5A2B51880D91000969952 /* Styles+Layout.m */; };
		84B5A2BD1880D91000969952 /* Comfortaa-Bold.ttf in Resources */ = {isa = PBXBuildFile; fileRef = 84B5A2B61880D91000969952 /* Comfortaa-Bold.ttf */; };
		84B5A2C91880D93100969952 /* BubbleMainCredits.m in Sources */ = {isa = PBXBuildFile; fileRef = 84B5A2C21880D93100969952 /* BubbleMainCredits.m */; };
		84B5A2CA1880D93100969952 /* BubbleMain.m in Sources */ = {isa = PBXBuildFile; fileRef = 84B5A2C41880D93100969952 /* BubbleMain.m */; };
		84B5A2CB1880D93100969952 /* Bubble.m in Sources */ = {isa = PBXBuildFile; fileRef = 84B5A2C61880D93100969952 /* Bubble.m */; };
		84B5A2CC1880D93100969952 /* BubbleContainer.m in Sources */ = {isa = PBXBuildFile; fileRef = 84B5A2C81880D93100969952 /* BubbleContainer.m */; };
		84B5A2D31880D96300969952 /* BubbleViewController.m in Sources */ = {isa = PBXBuildFile; fileRef = 84B5A2D11880D96300969952 /* BubbleViewController.m */; };
		84B5A2D91880D98200969952 /* MainViewController.m in Sources */ = {isa = PBXBuildFile; fileRef = 84B5A2D61880D98200969952 /* MainViewController.m */; };
		84B64E4618B45B770061ED9D /* EditTextBubble.m in Sources */ = {isa = PBXBuildFile; fileRef = 84B64E4518B45B770061ED9D /* EditTextBubble.m */; };
		84B64E4818B46CD10061ED9D /* Comfortaa-Regular.ttf in Resources */ = {isa = PBXBuildFile; fileRef = 84B64E4718B46CD10061ED9D /* Comfortaa-Regular.ttf */; };
		84BC0F2818B49BCD00D03F3C /* EditTextEditScreen.m in Sources */ = {isa = PBXBuildFile; fileRef = 84BC0F2718B49BCD00D03F3C /* EditTextEditScreen.m */; };
		84C7B3BC1943E45400B8DCD8 /* EditTextScreenItemData.m in Sources */ = {isa = PBXBuildFile; fileRef = 84C7B3BB1943E45400B8DCD8 /* EditTextScreenItemData.m */; };
		84E084A4193F235E00A4DF45 /* FlickScroller.m in Sources */ = {isa = PBXBuildFile; fileRef = 84E084A3193F235E00A4DF45 /* FlickScroller.m */; };
		84FCB2E519026D5700BBE4B0 /* ScrollArrowView.m in Sources */ = {isa = PBXBuildFile; fileRef = 84FCB2E419026D5700BBE4B0 /* ScrollArrowView.m */; };
		84FF925918A08F5B00988F62 /* Profile.m in Sources */ = {isa = PBXBuildFile; fileRef = 84FF925818A08F5B00988F62 /* Profile.m */; };
/* End PBXBuildFile section */

/* Begin PBXContainerItemProxy section */
		84B5A2961880D8AD00969952 /* PBXContainerItemProxy */ = {
			isa = PBXContainerItemProxy;
			containerPortal = 84B5A26E1880D8AD00969952 /* Project object */;
			proxyType = 1;
			remoteGlobalIDString = 84B5A2751880D8AD00969952;
			remoteInfo = NCEACredits;
		};
/* End PBXContainerItemProxy section */

/* Begin PBXFileReference section */
		840440311971FAA700CC390E /* SetupNavigationController.h */ = {isa = PBXFileReference; fileEncoding = 4; lastKnownFileType = sourcecode.c.h; path = SetupNavigationController.h; sourceTree = "<group>"; };
		840440321971FAA700CC390E /* SetupNavigationController.m */ = {isa = PBXFileReference; fileEncoding = 4; lastKnownFileType = sourcecode.c.objc; path = SetupNavigationController.m; sourceTree = "<group>"; };
		840440371971FF2100CC390E /* TableViewCellData.h */ = {isa = PBXFileReference; fileEncoding = 4; lastKnownFileType = sourcecode.c.h; name = TableViewCellData.h; path = "../../../Frameworks/My Table View Data/TableViewCellData.h"; sourceTree = "<group>"; };
		840440381971FF2100CC390E /* TableViewCellData.m */ = {isa = PBXFileReference; fileEncoding = 4; lastKnownFileType = sourcecode.c.objc; name = TableViewCellData.m; path = "../../../Frameworks/My Table View Data/TableViewCellData.m"; sourceTree = "<group>"; };
		8404403A1972781C00CC390E /* DefaultGoals.h */ = {isa = PBXFileReference; fileEncoding = 4; lastKnownFileType = sourcecode.c.h; path = DefaultGoals.h; sourceTree = "<group>"; };
		8404403B1972781C00CC390E /* DefaultGoals.m */ = {isa = PBXFileReference; fileEncoding = 4; lastKnownFileType = sourcecode.c.objc; path = DefaultGoals.m; sourceTree = "<group>"; };
		840D586B18820C5200DE24B7 /* AnimationManager.h */ = {isa = PBXFileReference; fileEncoding = 4; lastKnownFileType = sourcecode.c.h; path = AnimationManager.h; sourceTree = "<group>"; };
		840D586C18820C5200DE24B7 /* AnimationManager.m */ = {isa = PBXFileReference; fileEncoding = 4; lastKnownFileType = sourcecode.c.objc; path = AnimationManager.m; sourceTree = "<group>"; };
		840D586F188216B200DE24B7 /* AnimationObject.h */ = {isa = PBXFileReference; fileEncoding = 4; lastKnownFileType = sourcecode.c.h; path = AnimationObject.h; sourceTree = "<group>"; };
		840D5870188216B200DE24B7 /* AnimationObject.m */ = {isa = PBXFileReference; fileEncoding = 4; lastKnownFileType = sourcecode.c.objc; path = AnimationObject.m; sourceTree = "<group>"; };
		840D5872188240A700DE24B7 /* GoalTitle.h */ = {isa = PBXFileReference; fileEncoding = 4; lastKnownFileType = sourcecode.c.h; path = GoalTitle.h; sourceTree = "<group>"; };
		840D5873188240A700DE24B7 /* GoalTitle.m */ = {isa = PBXFileReference; fileEncoding = 4; lastKnownFileType = sourcecode.c.objc; path = GoalTitle.m; sourceTree = "<group>"; };
		840D587518834B0300DE24B7 /* Stats.png */ = {isa = PBXFileReference; lastKnownFileType = image.png; path = Stats.png; sourceTree = "<group>"; };
		841DADFD18B0A7D700626302 /* EditTextBubbleContainer.h */ = {isa = PBXFileReference; fileEncoding = 4; lastKnownFileType = sourcecode.c.h; path = EditTextBubbleContainer.h; sourceTree = "<group>"; };
		841DADFE18B0A7D700626302 /* EditTextBubbleContainer.m */ = {isa = PBXFileReference; fileEncoding = 4; lastKnownFileType = sourcecode.c.objc; path = EditTextBubbleContainer.m; sourceTree = "<group>"; };
		841DAE0218B30EF200626302 /* EditTextBubble.h */ = {isa = PBXFileReference; fileEncoding = 4; lastKnownFileType = sourcecode.c.h; path = EditTextBubble.h; sourceTree = "<group>"; };
		841DAE0518B3123700626302 /* AddViewController.h */ = {isa = PBXFileReference; fileEncoding = 4; lastKnownFileType = sourcecode.c.h; path = AddViewController.h; sourceTree = "<group>"; };
		841DAE0618B3123700626302 /* AddViewController.m */ = {isa = PBXFileReference; fileEncoding = 4; lastKnownFileType = sourcecode.c.objc; path = AddViewController.m; sourceTree = "<group>"; };
		841DAE0818B312AC00626302 /* EditTextViewController.h */ = {isa = PBXFileReference; fileEncoding = 4; lastKnownFileType = sourcecode.c.h; path = EditTextViewController.h; sourceTree = "<group>"; };
		841DAE0918B312AC00626302 /* EditTextViewController.m */ = {isa = PBXFileReference; fileEncoding = 4; lastKnownFileType = sourcecode.c.objc; path = EditTextViewController.m; sourceTree = "<group>"; };
		84265A6B1904A32000141564 /* QuartzCore.framework */ = {isa = PBXFileReference; lastKnownFileType = wrapper.framework; name = QuartzCore.framework; path = System/Library/Frameworks/QuartzCore.framework; sourceTree = SDKROOT; };
		8437DAF31A4245F700E261E2 /* EditAssessmentViewController.h */ = {isa = PBXFileReference; fileEncoding = 4; lastKnownFileType = sourcecode.c.h; path = EditAssessmentViewController.h; sourceTree = "<group>"; };
		8437DAF41A4245F700E261E2 /* EditAssessmentViewController.m */ = {isa = PBXFileReference; fileEncoding = 4; lastKnownFileType = sourcecode.c.objc; path = EditAssessmentViewController.m; sourceTree = "<group>"; };
		8445E4061A402344002BDA5E /* ToJSONTemplate.h */ = {isa = PBXFileReference; fileEncoding = 4; lastKnownFileType = sourcecode.c.h; path = ToJSONTemplate.h; sourceTree = "<group>"; };
		8445E4071A402344002BDA5E /* ToJSONTemplate.m */ = {isa = PBXFileReference; fileEncoding = 4; lastKnownFileType = sourcecode.c.objc; path = ToJSONTemplate.m; sourceTree = "<group>"; };
		844CA93518AAB15A00D55F11 /* GradesViewController.h */ = {isa = PBXFileReference; fileEncoding = 4; lastKnownFileType = sourcecode.c.h; path = GradesViewController.h; sourceTree = "<group>"; };
		844CA93618AAB15A00D55F11 /* GradesViewController.m */ = {isa = PBXFileReference; fileEncoding = 4; lastKnownFileType = sourcecode.c.objc; path = GradesViewController.m; sourceTree = "<group>"; };
		8459996B18AC00DE005F3FB1 /* SimpleSelectionViewController.h */ = {isa = PBXFileReference; fileEncoding = 4; lastKnownFileType = sourcecode.c.h; path = SimpleSelectionViewController.h; sourceTree = "<group>"; };
		8459996C18AC00DE005F3FB1 /* SimpleSelectionViewController.m */ = {isa = PBXFileReference; fileEncoding = 4; lastKnownFileType = sourcecode.c.objc; path = SimpleSelectionViewController.m; sourceTree = "<group>"; };
		8459E886196FD0B8000D1C85 /* SetupStoryboard~iphone.storyboard */ = {isa = PBXFileReference; fileEncoding = 4; lastKnownFileType = file.storyboard; path = "SetupStoryboard~iphone.storyboard"; sourceTree = "<group>"; };
		8459E88B196FD20E000D1C85 /* SetupStoryboard~ipad.storyboard */ = {isa = PBXFileReference; fileEncoding = 4; lastKnownFileType = file.storyboard; path = "SetupStoryboard~ipad.storyboard"; sourceTree = "<group>"; };
		8459E88D196FDB42000D1C85 /* SetupRootController.h */ = {isa = PBXFileReference; fileEncoding = 4; lastKnownFileType = sourcecode.c.h; path = SetupRootController.h; sourceTree = "<group>"; };
		8459E88E196FDB42000D1C85 /* SetupRootController.m */ = {isa = PBXFileReference; fileEncoding = 4; lastKnownFileType = sourcecode.c.objc; path = SetupRootController.m; sourceTree = "<group>"; };
		845C40DC19481350001B1499 /* YearCollection.h */ = {isa = PBXFileReference; fileEncoding = 4; lastKnownFileType = sourcecode.c.h; path = YearCollection.h; sourceTree = "<group>"; };
		845C40DD19481350001B1499 /* YearCollection.m */ = {isa = PBXFileReference; fileEncoding = 4; lastKnownFileType = sourcecode.c.objc; path = YearCollection.m; sourceTree = "<group>"; };
		845C40DF19481973001B1499 /* GradePriority.h */ = {isa = PBXFileReference; fileEncoding = 4; lastKnownFileType = sourcecode.c.h; path = GradePriority.h; sourceTree = "<group>"; };
		845C40E019481973001B1499 /* GradePriority.m */ = {isa = PBXFileReference; fileEncoding = 4; lastKnownFileType = sourcecode.c.objc; path = GradePriority.m; sourceTree = "<group>"; };
		8470DD2A1A466FC300266654 /* Launch Screen.xib */ = {isa = PBXFileReference; fileEncoding = 4; lastKnownFileType = file.xib; name = "Launch Screen.xib"; path = "NCEACredits/Launch Screen.xib"; sourceTree = "<group>"; };
		8482D7F11A4534C200F1CD6D /* GoalMain.h */ = {isa = PBXFileReference; fileEncoding = 4; lastKnownFileType = sourcecode.c.h; path = GoalMain.h; sourceTree = "<group>"; };
		8482D7F21A4534C200F1CD6D /* GoalMain.m */ = {isa = PBXFileReference; fileEncoding = 4; lastKnownFileType = sourcecode.c.objc; path = GoalMain.m; sourceTree = "<group>"; };
		8482D7F41A4534FE00F1CD6D /* Goal.h */ = {isa = PBXFileReference; fileEncoding = 4; lastKnownFileType = sourcecode.c.h; path = Goal.h; sourceTree = "<group>"; };
		8482D7F51A4534FE00F1CD6D /* Goal.m */ = {isa = PBXFileReference; fileEncoding = 4; lastKnownFileType = sourcecode.c.objc; path = Goal.m; sourceTree = "<group>"; };
		8482D7FA1A4543DC00F1CD6D /* GoalGradeReqAndLevel.h */ = {isa = PBXFileReference; fileEncoding = 4; lastKnownFileType = sourcecode.c.h; path = GoalGradeReqAndLevel.h; sourceTree = "<group>"; };
		8482D7FB1A4543DC00F1CD6D /* GoalGradeReqAndLevel.m */ = {isa = PBXFileReference; fileEncoding = 4; lastKnownFileType = sourcecode.c.objc; path = GoalGradeReqAndLevel.m; sourceTree = "<group>"; };
		8482D7FD1A46501B00F1CD6D /* SubjectsViewController.h */ = {isa = PBXFileReference; fileEncoding = 4; lastKnownFileType = sourcecode.c.h; path = SubjectsViewController.h; sourceTree = "<group>"; };
		8482D7FE1A46501B00F1CD6D /* SubjectsViewController.m */ = {isa = PBXFileReference; fileEncoding = 4; lastKnownFileType = sourcecode.c.objc; path = SubjectsViewController.m; sourceTree = "<group>"; };
		8482D8041A46568300F1CD6D /* Launch-Circle.png */ = {isa = PBXFileReference; lastKnownFileType = image.png; path = "Launch-Circle.png"; sourceTree = "<group>"; };
		849D3D211880F2810030D432 /* AnchorView.h */ = {isa = PBXFileReference; fileEncoding = 4; lastKnownFileType = sourcecode.c.h; path = AnchorView.h; sourceTree = "<group>"; };
		849D3D221880F2810030D432 /* AnchorView.m */ = {isa = PBXFileReference; fileEncoding = 4; lastKnownFileType = sourcecode.c.objc; path = AnchorView.m; sourceTree = "<group>"; };
		84A435C71966B7280091905B /* Year.h */ = {isa = PBXFileReference; fileEncoding = 4; lastKnownFileType = sourcecode.c.h; path = Year.h; sourceTree = "<group>"; };
		84A435C81966B7280091905B /* Year.m */ = {isa = PBXFileReference; fileEncoding = 4; lastKnownFileType = sourcecode.c.objc; path = Year.m; sourceTree = "<group>"; };
		84A435CA1966B9D70091905B /* Assessment.h */ = {isa = PBXFileReference; fileEncoding = 4; lastKnownFileType = sourcecode.c.h; path = Assessment.h; sourceTree = "<group>"; };
		84A435CB1966B9D70091905B /* Assessment.m */ = {isa = PBXFileReference; fileEncoding = 4; lastKnownFileType = sourcecode.c.objc; path = Assessment.m; sourceTree = "<group>"; };
		84A435CD1966B9E70091905B /* AssessmentCollection.h */ = {isa = PBXFileReference; fileEncoding = 4; lastKnownFileType = sourcecode.c.h; path = AssessmentCollection.h; sourceTree = "<group>"; };
		84A435CE1966B9E70091905B /* AssessmentCollection.m */ = {isa = PBXFileReference; fileEncoding = 4; lastKnownFileType = sourcecode.c.objc; path = AssessmentCollection.m; sourceTree = "<group>"; };
		84A435D01966BDFA0091905B /* Grade.h */ = {isa = PBXFileReference; fileEncoding = 4; lastKnownFileType = sourcecode.c.h; path = Grade.h; sourceTree = "<group>"; };
		84A435D11966BDFA0091905B /* Grade.m */ = {isa = PBXFileReference; fileEncoding = 4; lastKnownFileType = sourcecode.c.objc; path = Grade.m; sourceTree = "<group>"; };
		84A435D41966C5660091905B /* SubjectsAndColours.h */ = {isa = PBXFileReference; fileEncoding = 4; lastKnownFileType = sourcecode.c.h; path = SubjectsAndColours.h; sourceTree = "<group>"; };
		84A435D51966C5660091905B /* SubjectsAndColours.m */ = {isa = PBXFileReference; fileEncoding = 4; lastKnownFileType = sourcecode.c.objc; path = SubjectsAndColours.m; sourceTree = "<group>"; };
		84B5A2761880D8AD00969952 /* NCEACredits.app */ = {isa = PBXFileReference; explicitFileType = wrapper.application; includeInIndex = 0; path = NCEACredits.app; sourceTree = BUILT_PRODUCTS_DIR; };
		84B5A2791880D8AD00969952 /* Foundation.framework */ = {isa = PBXFileReference; lastKnownFileType = wrapper.framework; name = Foundation.framework; path = System/Library/Frameworks/Foundation.framework; sourceTree = SDKROOT; };
		84B5A27B1880D8AD00969952 /* CoreGraphics.framework */ = {isa = PBXFileReference; lastKnownFileType = wrapper.framework; name = CoreGraphics.framework; path = System/Library/Frameworks/CoreGraphics.framework; sourceTree = SDKROOT; };
		84B5A27D1880D8AD00969952 /* UIKit.framework */ = {isa = PBXFileReference; lastKnownFileType = wrapper.framework; name = UIKit.framework; path = System/Library/Frameworks/UIKit.framework; sourceTree = SDKROOT; };
		84B5A2811880D8AD00969952 /* NCEACredits-Info.plist */ = {isa = PBXFileReference; lastKnownFileType = text.plist.xml; path = "NCEACredits-Info.plist"; sourceTree = "<group>"; };
		84B5A2831880D8AD00969952 /* en */ = {isa = PBXFileReference; lastKnownFileType = text.plist.strings; name = en; path = en.lproj/InfoPlist.strings; sourceTree = "<group>"; };
		84B5A2851880D8AD00969952 /* main.m */ = {isa = PBXFileReference; lastKnownFileType = sourcecode.c.objc; path = main.m; sourceTree = "<group>"; };
		84B5A2871880D8AD00969952 /* NCEACredits-Prefix.pch */ = {isa = PBXFileReference; lastKnownFileType = sourcecode.c.h; path = "NCEACredits-Prefix.pch"; sourceTree = "<group>"; };
		84B5A2881880D8AD00969952 /* AppDelegate.h */ = {isa = PBXFileReference; lastKnownFileType = sourcecode.c.h; path = AppDelegate.h; sourceTree = "<group>"; };
		84B5A2891880D8AD00969952 /* AppDelegate.m */ = {isa = PBXFileReference; lastKnownFileType = sourcecode.c.objc; path = AppDelegate.m; sourceTree = "<group>"; };
		84B5A28B1880D8AD00969952 /* Images.xcassets */ = {isa = PBXFileReference; lastKnownFileType = folder.assetcatalog; path = Images.xcassets; sourceTree = "<group>"; };
		84B5A2911880D8AD00969952 /* NCEACreditsTests.xctest */ = {isa = PBXFileReference; explicitFileType = wrapper.cfbundle; includeInIndex = 0; path = NCEACreditsTests.xctest; sourceTree = BUILT_PRODUCTS_DIR; };
		84B5A2921880D8AD00969952 /* XCTest.framework */ = {isa = PBXFileReference; lastKnownFileType = wrapper.framework; name = XCTest.framework; path = Library/Frameworks/XCTest.framework; sourceTree = DEVELOPER_DIR; };
		84B5A29A1880D8AD00969952 /* NCEACreditsTests-Info.plist */ = {isa = PBXFileReference; lastKnownFileType = text.plist.xml; path = "NCEACreditsTests-Info.plist"; sourceTree = "<group>"; };
		84B5A29C1880D8AD00969952 /* en */ = {isa = PBXFileReference; lastKnownFileType = text.plist.strings; name = en; path = en.lproj/InfoPlist.strings; sourceTree = "<group>"; };
		84B5A29E1880D8AD00969952 /* NCEACreditsTests.m */ = {isa = PBXFileReference; lastKnownFileType = sourcecode.c.objc; path = NCEACreditsTests.m; sourceTree = "<group>"; };
		84B5A2A81880D8F100969952 /* Add.png */ = {isa = PBXFileReference; lastKnownFileType = image.png; path = Add.png; sourceTree = "<group>"; };
		84B5A2A91880D8F100969952 /* Options.png */ = {isa = PBXFileReference; lastKnownFileType = image.png; path = Options.png; sourceTree = "<group>"; };
		84B5A2AB1880D8F100969952 /* Subjects.png */ = {isa = PBXFileReference; lastKnownFileType = image.png; path = Subjects.png; sourceTree = "<group>"; };
		84B5A2B11880D91000969952 /* Styles.h */ = {isa = PBXFileReference; fileEncoding = 4; lastKnownFileType = sourcecode.c.h; path = Styles.h; sourceTree = "<group>"; };
		84B5A2B21880D91000969952 /* Styles.m */ = {isa = PBXFileReference; fileEncoding = 4; lastKnownFileType = sourcecode.c.objc; path = Styles.m; sourceTree = "<group>"; };
		84B5A2B31880D91000969952 /* Styles+Fonts.m */ = {isa = PBXFileReference; fileEncoding = 4; lastKnownFileType = sourcecode.c.objc; path = "Styles+Fonts.m"; sourceTree = "<group>"; };
		84B5A2B41880D91000969952 /* Styles+Colours.m */ = {isa = PBXFileReference; fileEncoding = 4; lastKnownFileType = sourcecode.c.objc; path = "Styles+Colours.m"; sourceTree = "<group>"; };
		84B5A2B51880D91000969952 /* Styles+Layout.m */ = {isa = PBXFileReference; fileEncoding = 4; lastKnownFileType = sourcecode.c.objc; path = "Styles+Layout.m"; sourceTree = "<group>"; };
		84B5A2B61880D91000969952 /* Comfortaa-Bold.ttf */ = {isa = PBXFileReference; lastKnownFileType = file; path = "Comfortaa-Bold.ttf"; sourceTree = "<group>"; };
		84B5A2C11880D93100969952 /* BubbleMainCredits.h */ = {isa = PBXFileReference; fileEncoding = 4; lastKnownFileType = sourcecode.c.h; path = BubbleMainCredits.h; sourceTree = "<group>"; };
		84B5A2C21880D93100969952 /* BubbleMainCredits.m */ = {isa = PBXFileReference; fileEncoding = 4; lastKnownFileType = sourcecode.c.objc; path = BubbleMainCredits.m; sourceTree = "<group>"; };
		84B5A2C31880D93100969952 /* BubbleMain.h */ = {isa = PBXFileReference; fileEncoding = 4; lastKnownFileType = sourcecode.c.h; path = BubbleMain.h; sourceTree = "<group>"; };
		84B5A2C41880D93100969952 /* BubbleMain.m */ = {isa = PBXFileReference; fileEncoding = 4; lastKnownFileType = sourcecode.c.objc; path = BubbleMain.m; sourceTree = "<group>"; };
		84B5A2C51880D93100969952 /* Bubble.h */ = {isa = PBXFileReference; fileEncoding = 4; lastKnownFileType = sourcecode.c.h; path = Bubble.h; sourceTree = "<group>"; };
		84B5A2C61880D93100969952 /* Bubble.m */ = {isa = PBXFileReference; fileEncoding = 4; lastKnownFileType = sourcecode.c.objc; path = Bubble.m; sourceTree = "<group>"; };
		84B5A2C71880D93100969952 /* BubbleContainer.h */ = {isa = PBXFileReference; fileEncoding = 4; lastKnownFileType = sourcecode.c.h; path = BubbleContainer.h; sourceTree = "<group>"; };
		84B5A2C81880D93100969952 /* BubbleContainer.m */ = {isa = PBXFileReference; fileEncoding = 4; lastKnownFileType = sourcecode.c.objc; path = BubbleContainer.m; sourceTree = "<group>"; };
		84B5A2D01880D96300969952 /* BubbleViewController.h */ = {isa = PBXFileReference; fileEncoding = 4; lastKnownFileType = sourcecode.c.h; path = BubbleViewController.h; sourceTree = "<group>"; };
		84B5A2D11880D96300969952 /* BubbleViewController.m */ = {isa = PBXFileReference; fileEncoding = 4; lastKnownFileType = sourcecode.c.objc; path = BubbleViewController.m; sourceTree = "<group>"; };
		84B5A2D51880D98200969952 /* MainViewController.h */ = {isa = PBXFileReference; fileEncoding = 4; lastKnownFileType = sourcecode.c.h; path = MainViewController.h; sourceTree = "<group>"; };
		84B5A2D61880D98200969952 /* MainViewController.m */ = {isa = PBXFileReference; fileEncoding = 4; lastKnownFileType = sourcecode.c.objc; path = MainViewController.m; sourceTree = "<group>"; };
		84B64E4518B45B770061ED9D /* EditTextBubble.m */ = {isa = PBXFileReference; fileEncoding = 4; lastKnownFileType = sourcecode.c.objc; path = EditTextBubble.m; sourceTree = "<group>"; };
		84B64E4718B46CD10061ED9D /* Comfortaa-Regular.ttf */ = {isa = PBXFileReference; lastKnownFileType = file; path = "Comfortaa-Regular.ttf"; sourceTree = "<group>"; };
		84BC0F2618B49BCD00D03F3C /* EditTextEditScreen.h */ = {isa = PBXFileReference; fileEncoding = 4; lastKnownFileType = sourcecode.c.h; path = EditTextEditScreen.h; sourceTree = "<group>"; };
		84BC0F2718B49BCD00D03F3C /* EditTextEditScreen.m */ = {isa = PBXFileReference; fileEncoding = 4; lastKnownFileType = sourcecode.c.objc; path = EditTextEditScreen.m; sourceTree = "<group>"; };
		84C7B3BA1943E45400B8DCD8 /* EditTextScreenItemData.h */ = {isa = PBXFileReference; fileEncoding = 4; lastKnownFileType = sourcecode.c.h; path = EditTextScreenItemData.h; sourceTree = "<group>"; };
		84C7B3BB1943E45400B8DCD8 /* EditTextScreenItemData.m */ = {isa = PBXFileReference; fileEncoding = 4; lastKnownFileType = sourcecode.c.objc; path = EditTextScreenItemData.m; sourceTree = "<group>"; };
		84E084A2193F235E00A4DF45 /* FlickScroller.h */ = {isa = PBXFileReference; fileEncoding = 4; lastKnownFileType = sourcecode.c.h; path = FlickScroller.h; sourceTree = "<group>"; };
		84E084A3193F235E00A4DF45 /* FlickScroller.m */ = {isa = PBXFileReference; fileEncoding = 4; lastKnownFileType = sourcecode.c.objc; path = FlickScroller.m; sourceTree = "<group>"; };
		84FCB2E319026D5700BBE4B0 /* ScrollArrowView.h */ = {isa = PBXFileReference; fileEncoding = 4; lastKnownFileType = sourcecode.c.h; path = ScrollArrowView.h; sourceTree = "<group>"; };
		84FCB2E419026D5700BBE4B0 /* ScrollArrowView.m */ = {isa = PBXFileReference; fileEncoding = 4; lastKnownFileType = sourcecode.c.objc; path = ScrollArrowView.m; sourceTree = "<group>"; };
		84FF925718A08F5B00988F62 /* Profile.h */ = {isa = PBXFileReference; fileEncoding = 4; lastKnownFileType = sourcecode.c.h; path = Profile.h; sourceTree = "<group>"; };
		84FF925818A08F5B00988F62 /* Profile.m */ = {isa = PBXFileReference; fileEncoding = 4; lastKnownFileType = sourcecode.c.objc; path = Profile.m; sourceTree = "<group>"; };
/* End PBXFileReference section */

/* Begin PBXFrameworksBuildPhase section */
		84B5A2731880D8AD00969952 /* Frameworks */ = {
			isa = PBXFrameworksBuildPhase;
			buildActionMask = 2147483647;
			files = (
				84265A6C1904A32000141564 /* QuartzCore.framework in Frameworks */,
				84B5A27C1880D8AD00969952 /* CoreGraphics.framework in Frameworks */,
				84B5A27E1880D8AD00969952 /* UIKit.framework in Frameworks */,
				84B5A27A1880D8AD00969952 /* Foundation.framework in Frameworks */,
			);
			runOnlyForDeploymentPostprocessing = 0;
		};
		84B5A28E1880D8AD00969952 /* Frameworks */ = {
			isa = PBXFrameworksBuildPhase;
			buildActionMask = 2147483647;
			files = (
				84B5A2931880D8AD00969952 /* XCTest.framework in Frameworks */,
				84B5A2951880D8AD00969952 /* UIKit.framework in Frameworks */,
				84B5A2941880D8AD00969952 /* Foundation.framework in Frameworks */,
			);
			runOnlyForDeploymentPostprocessing = 0;
		};
/* End PBXFrameworksBuildPhase section */

/* Begin PBXGroup section */
		8404403D1972782500CC390E /* Goals */ = {
			isa = PBXGroup;
			children = (
				8482D7F11A4534C200F1CD6D /* GoalMain.h */,
				8482D7F21A4534C200F1CD6D /* GoalMain.m */,
				8404403A1972781C00CC390E /* DefaultGoals.h */,
				8404403B1972781C00CC390E /* DefaultGoals.m */,
				8482D7F41A4534FE00F1CD6D /* Goal.h */,
				8482D7F51A4534FE00F1CD6D /* Goal.m */,
				8482D7FA1A4543DC00F1CD6D /* GoalGradeReqAndLevel.h */,
				8482D7FB1A4543DC00F1CD6D /* GoalGradeReqAndLevel.m */,
			);
			name = Goals;
			sourceTree = "<group>";
		};
		840D586E18820C5700DE24B7 /* Animation */ = {
			isa = PBXGroup;
			children = (
				840D586B18820C5200DE24B7 /* AnimationManager.h */,
				840D586C18820C5200DE24B7 /* AnimationManager.m */,
				840D586F188216B200DE24B7 /* AnimationObject.h */,
				840D5870188216B200DE24B7 /* AnimationObject.m */,
			);
			name = Animation;
			sourceTree = "<group>";
		};
		844BCACA1881126000FC132E /* Main Bubble */ = {
			isa = PBXGroup;
			children = (
				84B5A2C31880D93100969952 /* BubbleMain.h */,
				84B5A2C41880D93100969952 /* BubbleMain.m */,
				84B5A2C11880D93100969952 /* BubbleMainCredits.h */,
				84B5A2C21880D93100969952 /* BubbleMainCredits.m */,
				840D5872188240A700DE24B7 /* GoalTitle.h */,
				840D5873188240A700DE24B7 /* GoalTitle.m */,
			);
			name = "Main Bubble";
			sourceTree = "<group>";
		};
		8459E868196FB456000D1C85 /* Setup */ = {
			isa = PBXGroup;
			children = (
				840440371971FF2100CC390E /* TableViewCellData.h */,
				840440381971FF2100CC390E /* TableViewCellData.m */,
				840440311971FAA700CC390E /* SetupNavigationController.h */,
				840440321971FAA700CC390E /* SetupNavigationController.m */,
				8459E886196FD0B8000D1C85 /* SetupStoryboard~iphone.storyboard */,
				8459E88B196FD20E000D1C85 /* SetupStoryboard~ipad.storyboard */,
				8459E88D196FDB42000D1C85 /* SetupRootController.h */,
				8459E88E196FDB42000D1C85 /* SetupRootController.m */,
			);
			name = Setup;
			sourceTree = "<group>";
		};
		845C40E219481981001B1499 /* Profile */ = {
			isa = PBXGroup;
			children = (
				845C40DF19481973001B1499 /* GradePriority.h */,
				845C40E019481973001B1499 /* GradePriority.m */,
				845C40DC19481350001B1499 /* YearCollection.h */,
				845C40DD19481350001B1499 /* YearCollection.m */,
				84A435C71966B7280091905B /* Year.h */,
				84A435C81966B7280091905B /* Year.m */,
				84A435C61966B7080091905B /* Year */,
			);
			name = Profile;
			sourceTree = "<group>";
		};
		84A435C61966B7080091905B /* Year */ = {
			isa = PBXGroup;
			children = (
				84A435D41966C5660091905B /* SubjectsAndColours.h */,
				84A435D51966C5660091905B /* SubjectsAndColours.m */,
				84A435CD1966B9E70091905B /* AssessmentCollection.h */,
				84A435CE1966B9E70091905B /* AssessmentCollection.m */,
				84A435CA1966B9D70091905B /* Assessment.h */,
				84A435CB1966B9D70091905B /* Assessment.m */,
				84A435D31966BDFC0091905B /* Assessment */,
			);
			name = Year;
			sourceTree = "<group>";
		};
		84A435D31966BDFC0091905B /* Assessment */ = {
			isa = PBXGroup;
			children = (
				84A435D01966BDFA0091905B /* Grade.h */,
				84A435D11966BDFA0091905B /* Grade.m */,
			);
			name = Assessment;
			sourceTree = "<group>";
		};
		84B5A26D1880D8AD00969952 = {
			isa = PBXGroup;
			children = (
				8470DD2A1A466FC300266654 /* Launch Screen.xib */,
				84B5A27F1880D8AD00969952 /* NCEACredits */,
				84B5A2981880D8AD00969952 /* NCEACreditsTests */,
				84B5A2781880D8AD00969952 /* Frameworks */,
				84B5A2771880D8AD00969952 /* Products */,
			);
			sourceTree = "<group>";
		};
		84B5A2771880D8AD00969952 /* Products */ = {
			isa = PBXGroup;
			children = (
				84B5A2761880D8AD00969952 /* NCEACredits.app */,
				84B5A2911880D8AD00969952 /* NCEACreditsTests.xctest */,
			);
			name = Products;
			sourceTree = "<group>";
		};
		84B5A2781880D8AD00969952 /* Frameworks */ = {
			isa = PBXGroup;
			children = (
				84265A6B1904A32000141564 /* QuartzCore.framework */,
				84B5A2791880D8AD00969952 /* Foundation.framework */,
				84B5A27B1880D8AD00969952 /* CoreGraphics.framework */,
				84B5A27D1880D8AD00969952 /* UIKit.framework */,
				84B5A2921880D8AD00969952 /* XCTest.framework */,
			);
			name = Frameworks;
			sourceTree = "<group>";
		};
		84B5A27F1880D8AD00969952 /* NCEACredits */ = {
			isa = PBXGroup;
			children = (
				84B5A2881880D8AD00969952 /* AppDelegate.h */,
				84B5A2891880D8AD00969952 /* AppDelegate.m */,
				84FF925B18A08F7B00988F62 /* Profile Structure */,
				8459E868196FB456000D1C85 /* Setup */,
				8404403D1972782500CC390E /* Goals */,
				84B5A2B01880D8F500969952 /* Resources */,
				84B5A2C01880D91400969952 /* Styles */,
				84FF925A18A08F6B00988F62 /* UI */,
				84B5A2801880D8AD00969952 /* Supporting Files */,
			);
			path = NCEACredits;
			sourceTree = "<group>";
		};
		84B5A2801880D8AD00969952 /* Supporting Files */ = {
			isa = PBXGroup;
			children = (
				84B5A2811880D8AD00969952 /* NCEACredits-Info.plist */,
				84B5A2821880D8AD00969952 /* InfoPlist.strings */,
				84B5A2851880D8AD00969952 /* main.m */,
				84B5A2871880D8AD00969952 /* NCEACredits-Prefix.pch */,
			);
			name = "Supporting Files";
			sourceTree = "<group>";
		};
		84B5A2981880D8AD00969952 /* NCEACreditsTests */ = {
			isa = PBXGroup;
			children = (
				84B5A29E1880D8AD00969952 /* NCEACreditsTests.m */,
				84B5A2991880D8AD00969952 /* Supporting Files */,
			);
			path = NCEACreditsTests;
			sourceTree = "<group>";
		};
		84B5A2991880D8AD00969952 /* Supporting Files */ = {
			isa = PBXGroup;
			children = (
				84B5A29A1880D8AD00969952 /* NCEACreditsTests-Info.plist */,
				84B5A29B1880D8AD00969952 /* InfoPlist.strings */,
			);
			name = "Supporting Files";
			sourceTree = "<group>";
		};
		84B5A2B01880D8F500969952 /* Resources */ = {
			isa = PBXGroup;
			children = (
				8482D8041A46568300F1CD6D /* Launch-Circle.png */,
				84B5A28B1880D8AD00969952 /* Images.xcassets */,
				84B5A2B61880D91000969952 /* Comfortaa-Bold.ttf */,
				84B64E4718B46CD10061ED9D /* Comfortaa-Regular.ttf */,
				84B5A2A81880D8F100969952 /* Add.png */,
				84B5A2A91880D8F100969952 /* Options.png */,
				840D587518834B0300DE24B7 /* Stats.png */,
				84B5A2AB1880D8F100969952 /* Subjects.png */,
			);
			name = Resources;
			sourceTree = "<group>";
		};
		84B5A2C01880D91400969952 /* Styles */ = {
			isa = PBXGroup;
			children = (
				84B5A2B11880D91000969952 /* Styles.h */,
				84B5A2B21880D91000969952 /* Styles.m */,
				84B5A2B31880D91000969952 /* Styles+Fonts.m */,
				84B5A2B41880D91000969952 /* Styles+Colours.m */,
				84B5A2B51880D91000969952 /* Styles+Layout.m */,
			);
			name = Styles;
			sourceTree = "<group>";
		};
		84B5A2CD1880D93600969952 /* Bubbles */ = {
			isa = PBXGroup;
			children = (
				849D3D211880F2810030D432 /* AnchorView.h */,
				849D3D221880F2810030D432 /* AnchorView.m */,
				844BCACA1881126000FC132E /* Main Bubble */,
				84B5A2C51880D93100969952 /* Bubble.h */,
				84B5A2C61880D93100969952 /* Bubble.m */,
				84B5A2C71880D93100969952 /* BubbleContainer.h */,
				84B5A2C81880D93100969952 /* BubbleContainer.m */,
			);
			name = Bubbles;
			sourceTree = "<group>";
		};
		84B5A2D41880D96700969952 /* Screen Templates */ = {
			isa = PBXGroup;
			children = (
				84B5A2D01880D96300969952 /* BubbleViewController.h */,
				84B5A2D11880D96300969952 /* BubbleViewController.m */,
				8459996B18AC00DE005F3FB1 /* SimpleSelectionViewController.h */,
				8459996C18AC00DE005F3FB1 /* SimpleSelectionViewController.m */,
				84FCB2E61902765C00BBE4B0 /* Edit Text */,
				8482D7FD1A46501B00F1CD6D /* SubjectsViewController.h */,
				8482D7FE1A46501B00F1CD6D /* SubjectsViewController.m */,
			);
			name = "Screen Templates";
			sourceTree = "<group>";
		};
		84B5A2DB1880D98D00969952 /* View Controllers */ = {
			isa = PBXGroup;
			children = (
				841DAE0518B3123700626302 /* AddViewController.h */,
				841DAE0618B3123700626302 /* AddViewController.m */,
				844CA93518AAB15A00D55F11 /* GradesViewController.h */,
				844CA93618AAB15A00D55F11 /* GradesViewController.m */,
				84B5A2D51880D98200969952 /* MainViewController.h */,
				84B5A2D61880D98200969952 /* MainViewController.m */,
			);
			name = "View Controllers";
			sourceTree = "<group>";
		};
		84FCB2E61902765C00BBE4B0 /* Edit Text */ = {
			isa = PBXGroup;
			children = (
				84FCB2E71903665A00BBE4B0 /* Bubble */,
				84FCB2E81903667000BBE4B0 /* Scroller */,
				84BC0F2618B49BCD00D03F3C /* EditTextEditScreen.h */,
				84BC0F2718B49BCD00D03F3C /* EditTextEditScreen.m */,
				84C7B3BA1943E45400B8DCD8 /* EditTextScreenItemData.h */,
				84C7B3BB1943E45400B8DCD8 /* EditTextScreenItemData.m */,
				841DAE0818B312AC00626302 /* EditTextViewController.h */,
				841DAE0918B312AC00626302 /* EditTextViewController.m */,
				8437DAF31A4245F700E261E2 /* EditAssessmentViewController.h */,
				8437DAF41A4245F700E261E2 /* EditAssessmentViewController.m */,
			);
			name = "Edit Text";
			sourceTree = "<group>";
		};
		84FCB2E71903665A00BBE4B0 /* Bubble */ = {
			isa = PBXGroup;
			children = (
				841DAE0218B30EF200626302 /* EditTextBubble.h */,
				84B64E4518B45B770061ED9D /* EditTextBubble.m */,
				841DADFD18B0A7D700626302 /* EditTextBubbleContainer.h */,
				841DADFE18B0A7D700626302 /* EditTextBubbleContainer.m */,
			);
			name = Bubble;
			sourceTree = "<group>";
		};
		84FCB2E81903667000BBE4B0 /* Scroller */ = {
			isa = PBXGroup;
			children = (
				84E084A2193F235E00A4DF45 /* FlickScroller.h */,
				84E084A3193F235E00A4DF45 /* FlickScroller.m */,
				84FCB2E319026D5700BBE4B0 /* ScrollArrowView.h */,
				84FCB2E419026D5700BBE4B0 /* ScrollArrowView.m */,
			);
			name = Scroller;
			sourceTree = "<group>";
		};
		84FF925A18A08F6B00988F62 /* UI */ = {
			isa = PBXGroup;
			children = (
				840D586E18820C5700DE24B7 /* Animation */,
				84B5A2CD1880D93600969952 /* Bubbles */,
				84B5A2D41880D96700969952 /* Screen Templates */,
				84B5A2DB1880D98D00969952 /* View Controllers */,
			);
			name = UI;
			sourceTree = "<group>";
		};
		84FF925B18A08F7B00988F62 /* Profile Structure */ = {
			isa = PBXGroup;
			children = (
				8445E4061A402344002BDA5E /* ToJSONTemplate.h */,
				8445E4071A402344002BDA5E /* ToJSONTemplate.m */,
				84FF925718A08F5B00988F62 /* Profile.h */,
				84FF925818A08F5B00988F62 /* Profile.m */,
				845C40E219481981001B1499 /* Profile */,
			);
			name = "Profile Structure";
			sourceTree = "<group>";
		};
/* End PBXGroup section */

/* Begin PBXNativeTarget section */
		84B5A2751880D8AD00969952 /* NCEACredits */ = {
			isa = PBXNativeTarget;
			buildConfigurationList = 84B5A2A21880D8AD00969952 /* Build configuration list for PBXNativeTarget "NCEACredits" */;
			buildPhases = (
				84B5A2721880D8AD00969952 /* Sources */,
				84B5A2731880D8AD00969952 /* Frameworks */,
				84B5A2741880D8AD00969952 /* Resources */,
			);
			buildRules = (
			);
			dependencies = (
			);
			name = NCEACredits;
			productName = NCEACredits;
			productReference = 84B5A2761880D8AD00969952 /* NCEACredits.app */;
			productType = "com.apple.product-type.application";
		};
		84B5A2901880D8AD00969952 /* NCEACreditsTests */ = {
			isa = PBXNativeTarget;
			buildConfigurationList = 84B5A2A51880D8AD00969952 /* Build configuration list for PBXNativeTarget "NCEACreditsTests" */;
			buildPhases = (
				84B5A28D1880D8AD00969952 /* Sources */,
				84B5A28E1880D8AD00969952 /* Frameworks */,
				84B5A28F1880D8AD00969952 /* Resources */,
			);
			buildRules = (
			);
			dependencies = (
				84B5A2971880D8AD00969952 /* PBXTargetDependency */,
			);
			name = NCEACreditsTests;
			productName = NCEACreditsTests;
			productReference = 84B5A2911880D8AD00969952 /* NCEACreditsTests.xctest */;
			productType = "com.apple.product-type.bundle.unit-test";
		};
/* End PBXNativeTarget section */

/* Begin PBXProject section */
		84B5A26E1880D8AD00969952 /* Project object */ = {
			isa = PBXProject;
			attributes = {
				LastUpgradeCheck = 0510;
				ORGANIZATIONNAME = PiGuyGames;
				TargetAttributes = {
					84B5A2901880D8AD00969952 = {
						TestTargetID = 84B5A2751880D8AD00969952;
					};
				};
			};
			buildConfigurationList = 84B5A2711880D8AD00969952 /* Build configuration list for PBXProject "NCEACredits" */;
			compatibilityVersion = "Xcode 3.2";
			developmentRegion = English;
			hasScannedForEncodings = 0;
			knownRegions = (
				en,
			);
			mainGroup = 84B5A26D1880D8AD00969952;
			productRefGroup = 84B5A2771880D8AD00969952 /* Products */;
			projectDirPath = "";
			projectRoot = "";
			targets = (
				84B5A2751880D8AD00969952 /* NCEACredits */,
				84B5A2901880D8AD00969952 /* NCEACreditsTests */,
			);
		};
/* End PBXProject section */

/* Begin PBXResourcesBuildPhase section */
		84B5A2741880D8AD00969952 /* Resources */ = {
			isa = PBXResourcesBuildPhase;
			buildActionMask = 2147483647;
			files = (
				84B5A2AC1880D8F100969952 /* Add.png in Resources */,
				84B5A2AF1880D8F100969952 /* Subjects.png in Resources */,
				8482D8051A46568300F1CD6D /* Launch-Circle.png in Resources */,
				8459E887196FD0B8000D1C85 /* SetupStoryboard~iphone.storyboard in Resources */,
				840D587618834B0300DE24B7 /* Stats.png in Resources */,
				8470DD2B1A466FC300266654 /* Launch Screen.xib in Resources */,
				84B5A2841880D8AD00969952 /* InfoPlist.strings in Resources */,
				84B64E4818B46CD10061ED9D /* Comfortaa-Regular.ttf in Resources */,
				8459E88C196FD20E000D1C85 /* SetupStoryboard~ipad.storyboard in Resources */,
				84B5A2AD1880D8F100969952 /* Options.png in Resources */,
				84B5A28C1880D8AD00969952 /* Images.xcassets in Resources */,
				84B5A2BD1880D91000969952 /* Comfortaa-Bold.ttf in Resources */,
			);
			runOnlyForDeploymentPostprocessing = 0;
		};
		84B5A28F1880D8AD00969952 /* Resources */ = {
			isa = PBXResourcesBuildPhase;
			buildActionMask = 2147483647;
			files = (
				84B5A29D1880D8AD00969952 /* InfoPlist.strings in Resources */,
			);
			runOnlyForDeploymentPostprocessing = 0;
		};
/* End PBXResourcesBuildPhase section */

/* Begin PBXSourcesBuildPhase section */
		84B5A2721880D8AD00969952 /* Sources */ = {
			isa = PBXSourcesBuildPhase;
			buildActionMask = 2147483647;
			files = (
				84B5A2CA1880D93100969952 /* BubbleMain.m in Sources */,
				84B5A2BB1880D91000969952 /* Styles+Colours.m in Sources */,
				841DAE0718B3123700626302 /* AddViewController.m in Sources */,
				84A435CF1966B9E70091905B /* AssessmentCollection.m in Sources */,
				841DADFF18B0A7D700626302 /* EditTextBubbleContainer.m in Sources */,
				8459996D18AC00DE005F3FB1 /* SimpleSelectionViewController.m in Sources */,
				84A435D61966C5660091905B /* SubjectsAndColours.m in Sources */,
				8482D7FC1A4543DC00F1CD6D /* GoalGradeReqAndLevel.m in Sources */,
				845C40E119481973001B1499 /* GradePriority.m in Sources */,
				84B5A2BC1880D91000969952 /* Styles+Layout.m in Sources */,
				840D5874188240A700DE24B7 /* GoalTitle.m in Sources */,
				84B5A2CB1880D93100969952 /* Bubble.m in Sources */,
				84C7B3BC1943E45400B8DCD8 /* EditTextScreenItemData.m in Sources */,
				8445E4081A402344002BDA5E /* ToJSONTemplate.m in Sources */,
				84A435C91966B7280091905B /* Year.m in Sources */,
				84BC0F2818B49BCD00D03F3C /* EditTextEditScreen.m in Sources */,
				84B5A2D91880D98200969952 /* MainViewController.m in Sources */,
				840D5871188216B200DE24B7 /* AnimationObject.m in Sources */,
				8482D7F31A4534C200F1CD6D /* GoalMain.m in Sources */,
				84B5A2B91880D91000969952 /* Styles.m in Sources */,
				840440391971FF2100CC390E /* TableViewCellData.m in Sources */,
				840440331971FAA700CC390E /* SetupNavigationController.m in Sources */,
				84FCB2E519026D5700BBE4B0 /* ScrollArrowView.m in Sources */,
				844CA93718AAB15A00D55F11 /* GradesViewController.m in Sources */,
				84B5A28A1880D8AD00969952 /* AppDelegate.m in Sources */,
				845C40DE19481350001B1499 /* YearCollection.m in Sources */,
				84E084A4193F235E00A4DF45 /* FlickScroller.m in Sources */,
				8437DAF51A4245F700E261E2 /* EditAssessmentViewController.m in Sources */,
				8404403C1972781C00CC390E /* DefaultGoals.m in Sources */,
				849D3D231880F2810030D432 /* AnchorView.m in Sources */,
				84FF925918A08F5B00988F62 /* Profile.m in Sources */,
				840D586D18820C5200DE24B7 /* AnimationManager.m in Sources */,
				84A435D21966BDFA0091905B /* Grade.m in Sources */,
				8482D7FF1A46501B00F1CD6D /* SubjectsViewController.m in Sources */,
				84B5A2BA1880D91000969952 /* Styles+Fonts.m in Sources */,
				84A435CC1966B9D70091905B /* Assessment.m in Sources */,
				84B5A2D31880D96300969952 /* BubbleViewController.m in Sources */,
				841DAE0A18B312AC00626302 /* EditTextViewController.m in Sources */,
				8482D7F61A4534FE00F1CD6D /* Goal.m in Sources */,
				84B64E4618B45B770061ED9D /* EditTextBubble.m in Sources */,
				8459E88F196FDB42000D1C85 /* SetupRootController.m in Sources */,
				84B5A2CC1880D93100969952 /* BubbleContainer.m in Sources */,
				84B5A2861880D8AD00969952 /* main.m in Sources */,
				84B5A2C91880D93100969952 /* BubbleMainCredits.m in Sources */,
			);
			runOnlyForDeploymentPostprocessing = 0;
		};
		84B5A28D1880D8AD00969952 /* Sources */ = {
			isa = PBXSourcesBuildPhase;
			buildActionMask = 2147483647;
			files = (
				84B5A29F1880D8AD00969952 /* NCEACreditsTests.m in Sources */,
			);
			runOnlyForDeploymentPostprocessing = 0;
		};
/* End PBXSourcesBuildPhase section */

/* Begin PBXTargetDependency section */
		84B5A2971880D8AD00969952 /* PBXTargetDependency */ = {
			isa = PBXTargetDependency;
			target = 84B5A2751880D8AD00969952 /* NCEACredits */;
			targetProxy = 84B5A2961880D8AD00969952 /* PBXContainerItemProxy */;
		};
/* End PBXTargetDependency section */

/* Begin PBXVariantGroup section */
		84B5A2821880D8AD00969952 /* InfoPlist.strings */ = {
			isa = PBXVariantGroup;
			children = (
				84B5A2831880D8AD00969952 /* en */,
			);
			name = InfoPlist.strings;
			sourceTree = "<group>";
		};
		84B5A29B1880D8AD00969952 /* InfoPlist.strings */ = {
			isa = PBXVariantGroup;
			children = (
				84B5A29C1880D8AD00969952 /* en */,
			);
			name = InfoPlist.strings;
			sourceTree = "<group>";
		};
/* End PBXVariantGroup section */

/* Begin XCBuildConfiguration section */
		84B5A2A01880D8AD00969952 /* Debug */ = {
			isa = XCBuildConfiguration;
			buildSettings = {
				ALWAYS_SEARCH_USER_PATHS = NO;
				CLANG_CXX_LANGUAGE_STANDARD = "gnu++0x";
				CLANG_CXX_LIBRARY = "libc++";
				CLANG_ENABLE_MODULES = YES;
				CLANG_ENABLE_OBJC_ARC = YES;
				CLANG_WARN_BOOL_CONVERSION = YES;
				CLANG_WARN_CONSTANT_CONVERSION = YES;
				CLANG_WARN_DIRECT_OBJC_ISA_USAGE = YES_ERROR;
				CLANG_WARN_EMPTY_BODY = YES;
				CLANG_WARN_ENUM_CONVERSION = YES;
				CLANG_WARN_INT_CONVERSION = YES;
				CLANG_WARN_OBJC_ROOT_CLASS = YES_ERROR;
				CLANG_WARN__DUPLICATE_METHOD_MATCH = YES;
				"CODE_SIGN_IDENTITY[sdk=iphoneos*]" = "iPhone Developer";
				COPY_PHASE_STRIP = NO;
				GCC_C_LANGUAGE_STANDARD = gnu99;
				GCC_DYNAMIC_NO_PIC = NO;
				GCC_OPTIMIZATION_LEVEL = 0;
				GCC_PREPROCESSOR_DEFINITIONS = (
					"DEBUG=1",
					"$(inherited)",
				);
				GCC_SYMBOLS_PRIVATE_EXTERN = NO;
				GCC_WARN_64_TO_32_BIT_CONVERSION = YES;
				GCC_WARN_ABOUT_RETURN_TYPE = YES_ERROR;
				GCC_WARN_UNDECLARED_SELECTOR = YES;
				GCC_WARN_UNINITIALIZED_AUTOS = YES;
				GCC_WARN_UNUSED_FUNCTION = YES;
				GCC_WARN_UNUSED_VARIABLE = YES;
				IPHONEOS_DEPLOYMENT_TARGET = 7.0;
				ONLY_ACTIVE_ARCH = YES;
				SDKROOT = iphoneos;
				TARGETED_DEVICE_FAMILY = "1,2";
			};
			name = Debug;
		};
		84B5A2A11880D8AD00969952 /* Release */ = {
			isa = XCBuildConfiguration;
			buildSettings = {
				ALWAYS_SEARCH_USER_PATHS = NO;
				CLANG_CXX_LANGUAGE_STANDARD = "gnu++0x";
				CLANG_CXX_LIBRARY = "libc++";
				CLANG_ENABLE_MODULES = YES;
				CLANG_ENABLE_OBJC_ARC = YES;
				CLANG_WARN_BOOL_CONVERSION = YES;
				CLANG_WARN_CONSTANT_CONVERSION = YES;
				CLANG_WARN_DIRECT_OBJC_ISA_USAGE = YES_ERROR;
				CLANG_WARN_EMPTY_BODY = YES;
				CLANG_WARN_ENUM_CONVERSION = YES;
				CLANG_WARN_INT_CONVERSION = YES;
				CLANG_WARN_OBJC_ROOT_CLASS = YES_ERROR;
				CLANG_WARN__DUPLICATE_METHOD_MATCH = YES;
				"CODE_SIGN_IDENTITY[sdk=iphoneos*]" = "iPhone Developer";
				COPY_PHASE_STRIP = YES;
				ENABLE_NS_ASSERTIONS = NO;
				GCC_C_LANGUAGE_STANDARD = gnu99;
				GCC_WARN_64_TO_32_BIT_CONVERSION = YES;
				GCC_WARN_ABOUT_RETURN_TYPE = YES_ERROR;
				GCC_WARN_UNDECLARED_SELECTOR = YES;
				GCC_WARN_UNINITIALIZED_AUTOS = YES;
				GCC_WARN_UNUSED_FUNCTION = YES;
				GCC_WARN_UNUSED_VARIABLE = YES;
				IPHONEOS_DEPLOYMENT_TARGET = 7.0;
				SDKROOT = iphoneos;
				TARGETED_DEVICE_FAMILY = "1,2";
				VALIDATE_PRODUCT = YES;
			};
			name = Release;
		};
		84B5A2A31880D8AD00969952 /* Debug */ = {
			isa = XCBuildConfiguration;
			buildSettings = {
				ASSETCATALOG_COMPILER_APPICON_NAME = AppIcon;
				"CODE_SIGN_IDENTITY[sdk=iphoneos*]" = "iPhone Developer: Dylan Chong (262U3VUXJD)";
				GCC_PRECOMPILE_PREFIX_HEADER = YES;
				GCC_PREFIX_HEADER = "NCEACredits/NCEACredits-Prefix.pch";
				INFOPLIST_FILE = "NCEACredits/NCEACredits-Info.plist";
				IPHONEOS_DEPLOYMENT_TARGET = 8.1;
				PRODUCT_NAME = "$(TARGET_NAME)";
				PROVISIONING_PROFILE = "7D5757BE-903C-4DF9-B257-753D90AE82AB";
				WRAPPER_EXTENSION = app;
			};
			name = Debug;
		};
		84B5A2A41880D8AD00969952 /* Release */ = {
			isa = XCBuildConfiguration;
			buildSettings = {
				ASSETCATALOG_COMPILER_APPICON_NAME = AppIcon;
				"CODE_SIGN_IDENTITY[sdk=iphoneos*]" = "iPhone Distribution: SoLing Chin (3P7Z8WYXB9)";
				GCC_PRECOMPILE_PREFIX_HEADER = YES;
				GCC_PREFIX_HEADER = "NCEACredits/NCEACredits-Prefix.pch";
				INFOPLIST_FILE = "NCEACredits/NCEACredits-Info.plist";
				IPHONEOS_DEPLOYMENT_TARGET = 8.1;
				PRODUCT_NAME = "$(TARGET_NAME)";
				PROVISIONING_PROFILE = "7D5757BE-903C-4DF9-B257-753D90AE82AB";
				WRAPPER_EXTENSION = app;
			};
			name = Release;
		};
		84B5A2A61880D8AD00969952 /* Debug */ = {
			isa = XCBuildConfiguration;
			buildSettings = {
				BUNDLE_LOADER = "$(BUILT_PRODUCTS_DIR)/NCEACredits.app/NCEACredits";
				FRAMEWORK_SEARCH_PATHS = (
					"$(SDKROOT)/Developer/Library/Frameworks",
					"$(inherited)",
					"$(DEVELOPER_FRAMEWORKS_DIR)",
				);
				GCC_PRECOMPILE_PREFIX_HEADER = YES;
				GCC_PREFIX_HEADER = "NCEACredits/NCEACredits-Prefix.pch";
				GCC_PREPROCESSOR_DEFINITIONS = (
					"DEBUG=1",
					"$(inherited)",
				);
				INFOPLIST_FILE = "NCEACreditsTests/NCEACreditsTests-Info.plist";
				PRODUCT_NAME = "$(TARGET_NAME)";
				TEST_HOST = "$(BUNDLE_LOADER)";
				WRAPPER_EXTENSION = xctest;
			};
			name = Debug;
		};
		84B5A2A71880D8AD00969952 /* Release */ = {
			isa = XCBuildConfiguration;
			buildSettings = {
				BUNDLE_LOADER = "$(BUILT_PRODUCTS_DIR)/NCEACredits.app/NCEACredits";
				FRAMEWORK_SEARCH_PATHS = (
					"$(SDKROOT)/Developer/Library/Frameworks",
					"$(inherited)",
					"$(DEVELOPER_FRAMEWORKS_DIR)",
				);
				GCC_PRECOMPILE_PREFIX_HEADER = YES;
				GCC_PREFIX_HEADER = "NCEACredits/NCEACredits-Prefix.pch";
				INFOPLIST_FILE = "NCEACreditsTests/NCEACreditsTests-Info.plist";
				PRODUCT_NAME = "$(TARGET_NAME)";
				TEST_HOST = "$(BUNDLE_LOADER)";
				WRAPPER_EXTENSION = xctest;
			};
			name = Release;
		};
/* End XCBuildConfiguration section */

/* Begin XCConfigurationList section */
		84B5A2711880D8AD00969952 /* Build configuration list for PBXProject "NCEACredits" */ = {
			isa = XCConfigurationList;
			buildConfigurations = (
				84B5A2A01880D8AD00969952 /* Debug */,
				84B5A2A11880D8AD00969952 /* Release */,
			);
			defaultConfigurationIsVisible = 0;
			defaultConfigurationName = Release;
		};
		84B5A2A21880D8AD00969952 /* Build configuration list for PBXNativeTarget "NCEACredits" */ = {
			isa = XCConfigurationList;
			buildConfigurations = (
				84B5A2A31880D8AD00969952 /* Debug */,
				84B5A2A41880D8AD00969952 /* Release */,
			);
			defaultConfigurationIsVisible = 0;
			defaultConfigurationName = Release;
		};
		84B5A2A51880D8AD00969952 /* Build configuration list for PBXNativeTarget "NCEACreditsTests" */ = {
			isa = XCConfigurationList;
			buildConfigurations = (
				84B5A2A61880D8AD00969952 /* Debug */,
				84B5A2A71880D8AD00969952 /* Release */,
			);
			defaultConfigurationIsVisible = 0;
			defaultConfigurationName = Release;
		};
/* End XCConfigurationList section */
	};
	rootObject = 84B5A26E1880D8AD00969952 /* Project object */;
}
